
Microsoft Visual Studio Solution File, Format Version 12.00
# Visual Studio Version 16
VisualStudioVersion = 16.0.30413.136
MinimumVisualStudioVersion = 10.0.40219.1
Project("{FAE04EC0-301F-11D3-BF4B-00C04F79EFBC}") = "GameCharadesServer", "GameCharadesServer\GameCharadesServer.csproj", "{421DCF73-0278-4139-BF8D-2F2B0D3B113E}"
EndProject
Global
	GlobalSection(SolutionConfigurationPlatforms) = preSolution
		Debug|Any CPU = Debug|Any CPU
		Release|Any CPU = Release|Any CPU
	EndGlobalSection
	GlobalSection(ProjectConfigurationPlatforms) = postSolution
		{421DCF73-0278-4139-BF8D-2F2B0D3B113E}.Debug|Any CPU.ActiveCfg = Debug|Any CPU
		{421DCF73-0278-4139-BF8D-2F2B0D3B113E}.Debug|Any CPU.Build.0 = Debug|Any CPU
		{421DCF73-0278-4139-BF8D-2F2B0D3B113E}.Release|Any CPU.ActiveCfg = Release|Any CPU
		{421DCF73-0278-4139-BF8D-2F2B0D3B113E}.Release|Any CPU.Build.0 = Release|Any CPU
	EndGlobalSection
	GlobalSection(SolutionProperties) = preSolution
		HideSolutionNode = FALSE
	EndGlobalSection
	GlobalSection(ExtensibilityGlobals) = postSolution
		SolutionGuid = {AEAF8A99-A422-4C43-9041-AF0F94C5DA70}
	EndGlobalSection
EndGlobal
